
Microsoft Visual Studio Solution File, Format Version 12.00
# Visual Studio Version 17
VisualStudioVersion = 17.0.31903.59
MinimumVisualStudioVersion = 10.0.40219.1
Project("{2150E333-8FDC-42A3-9474-1A3956D46DE8}") = "src", "src", "{A9372E5E-09EC-4F7C-B27A-080A60DF273B}"
EndProject
Project("{FAE04EC0-301F-11D3-BF4B-00C04F79EFBC}") = "AuctionService", "src\AuctionService\AuctionService.csproj", "{CC6A1377-7E30-4E3B-A357-04FA54A5540B}"
EndProject
Project("{FAE04EC0-301F-11D3-BF4B-00C04F79EFBC}") = "SearchService", "src\SearchService\SearchService.csproj", "{99A9D028-6FA0-4982-9436-877EFB391537}"
EndProject
Project("{FAE04EC0-301F-11D3-BF4B-00C04F79EFBC}") = "Contracts", "src\Contracts\Contracts.csproj", "{DFC82B99-A662-4108-8A14-53512C960B27}"
EndProject
Project("{FAE04EC0-301F-11D3-BF4B-00C04F79EFBC}") = "IdentityService", "src\IdentityService\IdentityService.csproj", "{D53F1C27-7F37-4934-9A57-F7FDA7812501}"
EndProject
Project("{FAE04EC0-301F-11D3-BF4B-00C04F79EFBC}") = "GatewayService", "src\GatewayService\GatewayService.csproj", "{4F309528-48DE-420F-9F3D-2C4BF09D2CB7}"
EndProject
Project("{2150E333-8FDC-42A3-9474-1A3956D46DE8}") = "tests", "tests", "{D676D988-5C9C-42F9-969D-00704B5B3581}"
EndProject
Project("{FAE04EC0-301F-11D3-BF4B-00C04F79EFBC}") = "AuctionService.UnitTests", "tests\AuctionService.UnitTests\AuctionService.UnitTests.csproj", "{E78132A8-A360-43FE-9E43-B78D8D77FC3A}"
EndProject
Project("{FAE04EC0-301F-11D3-BF4B-00C04F79EFBC}") = "AuctionService.IntegrationTests", "tests\AuctionService.IntegrationTests\AuctionService.IntegrationTests.csproj", "{04AE20F4-1EE1-48F9-B305-096B3F965912}"
EndProject
Project("{FAE04EC0-301F-11D3-BF4B-00C04F79EFBC}") = "SearchService.IntegrationTests", "tests\SearchService.IntegrationTests\SearchService.IntegrationTests.csproj", "{7CF567E1-E89B-45FD-9FCC-D04FD9318820}"
EndProject
Project("{FAE04EC0-301F-11D3-BF4B-00C04F79EFBC}") = "BiddingService", "src\BiddingService\BiddingService.csproj", "{9242D053-8826-40DD-B276-B6ACA29743D7}"
EndProject
Project("{FAE04EC0-301F-11D3-BF4B-00C04F79EFBC}") = "NotificationService", "src\NotificationService\NotificationService.csproj", "{54D27D29-1E57-42A4-BC31-7483DE4E5386}"
EndProject
Global
	GlobalSection(SolutionConfigurationPlatforms) = preSolution
		Debug|Any CPU = Debug|Any CPU
		Release|Any CPU = Release|Any CPU
	EndGlobalSection
	GlobalSection(SolutionProperties) = preSolution
		HideSolutionNode = FALSE
	EndGlobalSection
	GlobalSection(ProjectConfigurationPlatforms) = postSolution
		{CC6A1377-7E30-4E3B-A357-04FA54A5540B}.Debug|Any CPU.ActiveCfg = Debug|Any CPU
		{CC6A1377-7E30-4E3B-A357-04FA54A5540B}.Debug|Any CPU.Build.0 = Debug|Any CPU
		{CC6A1377-7E30-4E3B-A357-04FA54A5540B}.Release|Any CPU.ActiveCfg = Release|Any CPU
		{CC6A1377-7E30-4E3B-A357-04FA54A5540B}.Release|Any CPU.Build.0 = Release|Any CPU
		{99A9D028-6FA0-4982-9436-877EFB391537}.Debug|Any CPU.ActiveCfg = Debug|Any CPU
		{99A9D028-6FA0-4982-9436-877EFB391537}.Debug|Any CPU.Build.0 = Debug|Any CPU
		{99A9D028-6FA0-4982-9436-877EFB391537}.Release|Any CPU.ActiveCfg = Release|Any CPU
		{99A9D028-6FA0-4982-9436-877EFB391537}.Release|Any CPU.Build.0 = Release|Any CPU
		{DFC82B99-A662-4108-8A14-53512C960B27}.Debug|Any CPU.ActiveCfg = Debug|Any CPU
		{DFC82B99-A662-4108-8A14-53512C960B27}.Debug|Any CPU.Build.0 = Debug|Any CPU
		{DFC82B99-A662-4108-8A14-53512C960B27}.Release|Any CPU.ActiveCfg = Release|Any CPU
		{DFC82B99-A662-4108-8A14-53512C960B27}.Release|Any CPU.Build.0 = Release|Any CPU
		{D53F1C27-7F37-4934-9A57-F7FDA7812501}.Debug|Any CPU.ActiveCfg = Debug|Any CPU
		{D53F1C27-7F37-4934-9A57-F7FDA7812501}.Debug|Any CPU.Build.0 = Debug|Any CPU
		{D53F1C27-7F37-4934-9A57-F7FDA7812501}.Release|Any CPU.ActiveCfg = Release|Any CPU
		{D53F1C27-7F37-4934-9A57-F7FDA7812501}.Release|Any CPU.Build.0 = Release|Any CPU
		{4F309528-48DE-420F-9F3D-2C4BF09D2CB7}.Debug|Any CPU.ActiveCfg = Debug|Any CPU
		{4F309528-48DE-420F-9F3D-2C4BF09D2CB7}.Debug|Any CPU.Build.0 = Debug|Any CPU
		{4F309528-48DE-420F-9F3D-2C4BF09D2CB7}.Release|Any CPU.ActiveCfg = Release|Any CPU
		{4F309528-48DE-420F-9F3D-2C4BF09D2CB7}.Release|Any CPU.Build.0 = Release|Any CPU
		{E78132A8-A360-43FE-9E43-B78D8D77FC3A}.Debug|Any CPU.ActiveCfg = Debug|Any CPU
		{E78132A8-A360-43FE-9E43-B78D8D77FC3A}.Debug|Any CPU.Build.0 = Debug|Any CPU
		{E78132A8-A360-43FE-9E43-B78D8D77FC3A}.Release|Any CPU.ActiveCfg = Release|Any CPU
		{E78132A8-A360-43FE-9E43-B78D8D77FC3A}.Release|Any CPU.Build.0 = Release|Any CPU
		{04AE20F4-1EE1-48F9-B305-096B3F965912}.Debug|Any CPU.ActiveCfg = Debug|Any CPU
		{04AE20F4-1EE1-48F9-B305-096B3F965912}.Debug|Any CPU.Build.0 = Debug|Any CPU
		{04AE20F4-1EE1-48F9-B305-096B3F965912}.Release|Any CPU.ActiveCfg = Release|Any CPU
		{04AE20F4-1EE1-48F9-B305-096B3F965912}.Release|Any CPU.Build.0 = Release|Any CPU
		{7CF567E1-E89B-45FD-9FCC-D04FD9318820}.Debug|Any CPU.ActiveCfg = Debug|Any CPU
		{7CF567E1-E89B-45FD-9FCC-D04FD9318820}.Debug|Any CPU.Build.0 = Debug|Any CPU
		{7CF567E1-E89B-45FD-9FCC-D04FD9318820}.Release|Any CPU.ActiveCfg = Release|Any CPU
		{7CF567E1-E89B-45FD-9FCC-D04FD9318820}.Release|Any CPU.Build.0 = Release|Any CPU
		{9242D053-8826-40DD-B276-B6ACA29743D7}.Debug|Any CPU.ActiveCfg = Debug|Any CPU
		{9242D053-8826-40DD-B276-B6ACA29743D7}.Debug|Any CPU.Build.0 = Debug|Any CPU
		{9242D053-8826-40DD-B276-B6ACA29743D7}.Release|Any CPU.ActiveCfg = Release|Any CPU
		{9242D053-8826-40DD-B276-B6ACA29743D7}.Release|Any CPU.Build.0 = Release|Any CPU
		{54D27D29-1E57-42A4-BC31-7483DE4E5386}.Debug|Any CPU.ActiveCfg = Debug|Any CPU
		{54D27D29-1E57-42A4-BC31-7483DE4E5386}.Debug|Any CPU.Build.0 = Debug|Any CPU
		{54D27D29-1E57-42A4-BC31-7483DE4E5386}.Release|Any CPU.ActiveCfg = Release|Any CPU
		{54D27D29-1E57-42A4-BC31-7483DE4E5386}.Release|Any CPU.Build.0 = Release|Any CPU
	EndGlobalSection
	GlobalSection(NestedProjects) = preSolution
		{CC6A1377-7E30-4E3B-A357-04FA54A5540B} = {A9372E5E-09EC-4F7C-B27A-080A60DF273B}
		{99A9D028-6FA0-4982-9436-877EFB391537} = {A9372E5E-09EC-4F7C-B27A-080A60DF273B}
		{DFC82B99-A662-4108-8A14-53512C960B27} = {A9372E5E-09EC-4F7C-B27A-080A60DF273B}
		{D53F1C27-7F37-4934-9A57-F7FDA7812501} = {A9372E5E-09EC-4F7C-B27A-080A60DF273B}
		{4F309528-48DE-420F-9F3D-2C4BF09D2CB7} = {A9372E5E-09EC-4F7C-B27A-080A60DF273B}
		{E78132A8-A360-43FE-9E43-B78D8D77FC3A} = {D676D988-5C9C-42F9-969D-00704B5B3581}
		{04AE20F4-1EE1-48F9-B305-096B3F965912} = {D676D988-5C9C-42F9-969D-00704B5B3581}
		{7CF567E1-E89B-45FD-9FCC-D04FD9318820} = {D676D988-5C9C-42F9-969D-00704B5B3581}
		{9242D053-8826-40DD-B276-B6ACA29743D7} = {A9372E5E-09EC-4F7C-B27A-080A60DF273B}
		{54D27D29-1E57-42A4-BC31-7483DE4E5386} = {A9372E5E-09EC-4F7C-B27A-080A60DF273B}
	EndGlobalSection
EndGlobal
